lockfileVersion: '6.0'

settings:
  autoInstallPeers: true
  excludeLinksFromLockfile: false

dependencies:
  ccxt:
    specifier: ^4.2.96
    version: 4.2.96
  delay:
    specifier: ^6.0.0
    version: 6.0.0
  moment:
    specifier: ^2.30.1
    version: 2.30.1

packages:

  /ccxt@4.2.96:
    resolution: {integrity: sha512-BP6CSPjIOQOPnBGql34sKxzNMGjra3ApFrgAeMIT9tWXzKkwXgCCJRR0Xm2cLf0/YY31L4gwxwaa6H3TWAW0TA==}
    engines: {node: '>=15.0.0'}
    hasBin: true
    requiresBuild: true
    dependencies:
      ws: 8.16.0
    transitivePeerDependencies:
      - bufferutil
      - utf-8-validate
    dev: false

  /delay@6.0.0:
    resolution: {integrity: sha512-2NJozoOHQ4NuZuVIr5CWd0iiLVIRSDepakaovIN+9eIDHEhdCAEvSy2cuf1DCrPPQLvHmbqTHODlhHg8UCy4zw==}
    engines: {node: '>=16'}
    dev: false

  /moment@2.30.1:
    resolution: {integrity: sha512-uEmtNhbDOrWPFS+hdjFCBfy9f2YoyzRpwcl+DqpC6taX21FzsTLQVbMV/W7PzNSX6x/bhC1zA3c2UQ5NzH6how==}
    dev: false

  /ws@8.16.0:
    resolution: {integrity: sha512-HS0c//TP7Ina87TfiPUz1rQzMhHrl/SG2guqRcTOIUYD2q8uhUdNHZYJUaQ8aTGPzCh+c6oawMKW35nFl1dxyQ==}
    engines: {node: '>=10.0.0'}
    peerDependencies:
      bufferutil: ^4.0.1
      utf-8-validate: '>=5.0.2'
    peerDependenciesMeta:
      bufferutil:
        optional: true
      utf-8-validate:
        optional: true
    dev: false
